// !$*UTF8*$!
{
	archiveVersion = 1;
	classes = {
	};
	objectVersion = 77;
	objects = {

/* Begin PBXBuildFile section */
		065B9C5FFEBF5ED84414B6EE /* TodoStore.swift in Sources */ = {isa = PBXBuildFile; fileRef = 7726462FCBB93AC0A652B6F5 /* TodoStore.swift */; };
		08D991D6788132FAEF998C44 /* DueDatePopoverView.swift in Sources */ = {isa = PBXBuildFile; fileRef = F1BEAC814797854BB10DA76A /* DueDatePopoverView.swift */; };
		2453C3B56A9D2F8B08B3C6E5 /* TaskListView.swift in Sources */ = {isa = PBXBuildFile; fileRef = 8C588F85D9B1390B3FE20459 /* TaskListView.swift */; };
		30A1B0D79B550951559C71FA /* WindowAccessor.swift in Sources */ = {isa = PBXBuildFile; fileRef = B011D7A7E5F91C7FFBCDD784 /* WindowAccessor.swift */; };
		3FF916C7B164F3512537DA2B /* Assets.xcassets in Resources */ = {isa = PBXBuildFile; fileRef = 07D1D2801901BD63CFA74EBD /* Assets.xcassets */; };
		4E5CF148ADCB4584D5D368CB /* TodoList.swift in Sources */ = {isa = PBXBuildFile; fileRef = 606E56ACC37EE55FCC72F7B9 /* TodoList.swift */; };
		528A7FDAF745350E7CA0824B /* WindowManager.swift in Sources */ = {isa = PBXBuildFile; fileRef = 29950064F6CE0D7BB6EEDE97 /* WindowManager.swift */; };
		55F0F0806901FED2A281F49B /* TodoStoreTests.swift in Sources */ = {isa = PBXBuildFile; fileRef = CFA8CD16F22D97268C9B349C /* TodoStoreTests.swift */; };
		5ED4EBC1F3EA8CC5DAA84292 /* DesktopTodoApp.swift in Sources */ = {isa = PBXBuildFile; fileRef = EAFCB69808A20354F9CAB1DE /* DesktopTodoApp.swift */; };
		7D33DE5D3EB9C9EBD916E7F7 /* ContentView.swift in Sources */ = {isa = PBXBuildFile; fileRef = D3413C7CCEC1709C16E7352E /* ContentView.swift */; };
		9D417A486DC82366F6EB4127 /* TaskRowView.swift in Sources */ = {isa = PBXBuildFile; fileRef = D74846E89F0D2A06A20AEA23 /* TaskRowView.swift */; };
		9D47253E5E748BA0ABE8EEE8 /* TaskInputView.swift in Sources */ = {isa = PBXBuildFile; fileRef = 66378323CB03BD6900DDF3EE /* TaskInputView.swift */; };
		A191A9FB734D88BFE408B90A /* ReminderOffset.swift in Sources */ = {isa = PBXBuildFile; fileRef = ECE61E8FB51B1F676E353B8A /* ReminderOffset.swift */; };
		C8AB8DDCF3410533A6A5A3AC /* TodoItem.swift in Sources */ = {isa = PBXBuildFile; fileRef = AFE57CDDF5ED55A3668FC62C /* TodoItem.swift */; };
		EC0EB7078C26429A3F4CDFCD /* NotificationService.swift in Sources */ = {isa = PBXBuildFile; fileRef = 5753085D1737BBA387D96D6E /* NotificationService.swift */; };
		F53998A6E9B04D013DC2D663 /* SidebarView.swift in Sources */ = {isa = PBXBuildFile; fileRef = 542F631D7F4DF5778113D51A /* SidebarView.swift */; };
/* End PBXBuildFile section */

/* Begin PBXContainerItemProxy section */
		13C748F06A8F8DA4DA748F5D /* PBXContainerItemProxy */ = {
			isa = PBXContainerItemProxy;
			containerPortal = 620BC85F1FB1407375FD7E2C /* Project object */;
			proxyType = 1;
			remoteGlobalIDString = 5A0E7B7E329C1030E3AF6EAC;
			remoteInfo = DesktopTodo;
		};
/* End PBXContainerItemProxy section */

/* Begin PBXFileReference section */
		07D1D2801901BD63CFA74EBD /* Assets.xcassets */ = {isa = PBXFileReference; lastKnownFileType = folder.assetcatalog; path = Assets.xcassets; sourceTree = "<group>"; };
		29950064F6CE0D7BB6EEDE97 /* WindowManager.swift */ = {isa = PBXFileReference; lastKnownFileType = sourcecode.swift; path = WindowManager.swift; sourceTree = "<group>"; };
		45AA0358E15C871ED31465D6 /* Info.plist */ = {isa = PBXFileReference; lastKnownFileType = text.plist; path = Info.plist; sourceTree = "<group>"; };
		5377B64CD584E4E15FC457DA /* DesktopTodoTests.xctest */ = {isa = PBXFileReference; explicitFileType = wrapper.cfbundle; includeInIndex = 0; path = DesktopTodoTests.xctest; sourceTree = BUILT_PRODUCTS_DIR; };
		542F631D7F4DF5778113D51A /* SidebarView.swift */ = {isa = PBXFileReference; lastKnownFileType = sourcecode.swift; path = SidebarView.swift; sourceTree = "<group>"; };
		5753085D1737BBA387D96D6E /* NotificationService.swift */ = {isa = PBXFileReference; lastKnownFileType = sourcecode.swift; path = NotificationService.swift; sourceTree = "<group>"; };
		606E56ACC37EE55FCC72F7B9 /* TodoList.swift */ = {isa = PBXFileReference; lastKnownFileType = sourcecode.swift; path = TodoList.swift; sourceTree = "<group>"; };
		66378323CB03BD6900DDF3EE /* TaskInputView.swift */ = {isa = PBXFileReference; lastKnownFileType = sourcecode.swift; path = TaskInputView.swift; sourceTree = "<group>"; };
		7726462FCBB93AC0A652B6F5 /* TodoStore.swift */ = {isa = PBXFileReference; lastKnownFileType = sourcecode.swift; path = TodoStore.swift; sourceTree = "<group>"; };
		8C588F85D9B1390B3FE20459 /* TaskListView.swift */ = {isa = PBXFileReference; lastKnownFileType = sourcecode.swift; path = TaskListView.swift; sourceTree = "<group>"; };
		9D211CB2FC9ABC4607083153 /* DesktopTodo.app */ = {isa = PBXFileReference; explicitFileType = wrapper.application; includeInIndex = 0; path = DesktopTodo.app; sourceTree = BUILT_PRODUCTS_DIR; };
		AFE57CDDF5ED55A3668FC62C /* TodoItem.swift */ = {isa = PBXFileReference; lastKnownFileType = sourcecode.swift; path = TodoItem.swift; sourceTree = "<group>"; };
		B011D7A7E5F91C7FFBCDD784 /* WindowAccessor.swift */ = {isa = PBXFileReference; lastKnownFileType = sourcecode.swift; path = WindowAccessor.swift; sourceTree = "<group>"; };
		CFA8CD16F22D97268C9B349C /* TodoStoreTests.swift */ = {isa = PBXFileReference; lastKnownFileType = sourcecode.swift; path = TodoStoreTests.swift; sourceTree = "<group>"; };
		D3413C7CCEC1709C16E7352E /* ContentView.swift */ = {isa = PBXFileReference; lastKnownFileType = sourcecode.swift; path = ContentView.swift; sourceTree = "<group>"; };
		D74846E89F0D2A06A20AEA23 /* TaskRowView.swift */ = {isa = PBXFileReference; lastKnownFileType = sourcecode.swift; path = TaskRowView.swift; sourceTree = "<group>"; };
		EAFCB69808A20354F9CAB1DE /* DesktopTodoApp.swift */ = {isa = PBXFileReference; lastKnownFileType = sourcecode.swift; path = DesktopTodoApp.swift; sourceTree = "<group>"; };
		ECE61E8FB51B1F676E353B8A /* ReminderOffset.swift */ = {isa = PBXFileReference; lastKnownFileType = sourcecode.swift; path = ReminderOffset.swift; sourceTree = "<group>"; };
		F1BEAC814797854BB10DA76A /* DueDatePopoverView.swift */ = {isa = PBXFileReference; lastKnownFileType = sourcecode.swift; path = DueDatePopoverView.swift; sourceTree = "<group>"; };
/* End PBXFileReference section */

/* Begin PBXGroup section */
		0D86E41A1F4AC8B290D6D765 /* App */ = {
			isa = PBXGroup;
			children = (
				EAFCB69808A20354F9CAB1DE /* DesktopTodoApp.swift */,
			);
			path = App;
			sourceTree = "<group>";
		};
		4651AAC6FCDF7BA961151D31 /* Services */ = {
			isa = PBXGroup;
			children = (
				5753085D1737BBA387D96D6E /* NotificationService.swift */,
			);
			path = Services;
			sourceTree = "<group>";
		};
		A38EFF96D1E750DD5AEED42B /* ViewModels */ = {
			isa = PBXGroup;
			children = (
				7726462FCBB93AC0A652B6F5 /* TodoStore.swift */,
			);
			path = ViewModels;
			sourceTree = "<group>";
		};
		CE05EA4EA6C8875E6335C73F /* Models */ = {
			isa = PBXGroup;
			children = (
				ECE61E8FB51B1F676E353B8A /* ReminderOffset.swift */,
				AFE57CDDF5ED55A3668FC62C /* TodoItem.swift */,
				606E56ACC37EE55FCC72F7B9 /* TodoList.swift */,
			);
			path = Models;
			sourceTree = "<group>";
		};
		D1CAA5D4CC51B9A95B589764 /* Products */ = {
			isa = PBXGroup;
			children = (
				9D211CB2FC9ABC4607083153 /* DesktopTodo.app */,
				5377B64CD584E4E15FC457DA /* DesktopTodoTests.xctest */,
			);
			name = Products;
			sourceTree = "<group>";
		};
		D8C63AECE11991AFAB8BAA23 /* DesktopTodoTests */ = {
			isa = PBXGroup;
			children = (
				CFA8CD16F22D97268C9B349C /* TodoStoreTests.swift */,
			);
			path = DesktopTodoTests;
			sourceTree = "<group>";
		};
		D9DF1477F8EC46122F9F2D66 /* Views */ = {
			isa = PBXGroup;
			children = (
				D3413C7CCEC1709C16E7352E /* ContentView.swift */,
				F1BEAC814797854BB10DA76A /* DueDatePopoverView.swift */,
				542F631D7F4DF5778113D51A /* SidebarView.swift */,
				66378323CB03BD6900DDF3EE /* TaskInputView.swift */,
				8C588F85D9B1390B3FE20459 /* TaskListView.swift */,
				D74846E89F0D2A06A20AEA23 /* TaskRowView.swift */,
				B011D7A7E5F91C7FFBCDD784 /* WindowAccessor.swift */,
				29950064F6CE0D7BB6EEDE97 /* WindowManager.swift */,
			);
			path = Views;
			sourceTree = "<group>";
		};
		E11F874C1C4C971A72CD17EA /* DesktopTodo */ = {
			isa = PBXGroup;
			children = (
				07D1D2801901BD63CFA74EBD /* Assets.xcassets */,
				45AA0358E15C871ED31465D6 /* Info.plist */,
				0D86E41A1F4AC8B290D6D765 /* App */,
				CE05EA4EA6C8875E6335C73F /* Models */,
				4651AAC6FCDF7BA961151D31 /* Services */,
				A38EFF96D1E750DD5AEED42B /* ViewModels */,
				D9DF1477F8EC46122F9F2D66 /* Views */,
			);
			path = DesktopTodo;
			sourceTree = "<group>";
		};
		E68EAB19D257B6263B32A85B = {
			isa = PBXGroup;
			children = (
				E11F874C1C4C971A72CD17EA /* DesktopTodo */,
				D8C63AECE11991AFAB8BAA23 /* DesktopTodoTests */,
				D1CAA5D4CC51B9A95B589764 /* Products */,
			);
			sourceTree = "<group>";
		};
/* End PBXGroup section */

/* Begin PBXNativeTarget section */
		47F874942508B2FB62332AD1 /* DesktopTodoTests */ = {
			isa = PBXNativeTarget;
			buildConfigurationList = AAABC0A8103CC0589AF186EF /* Build configuration list for PBXNativeTarget "DesktopTodoTests" */;
			buildPhases = (
				C631EB08216ED4588A93305F /* Sources */,
			);
			buildRules = (
			);
			dependencies = (
				0C0FC508B2EB743D27355244 /* PBXTargetDependency */,
			);
			name = DesktopTodoTests;
			packageProductDependencies = (
			);
			productName = DesktopTodoTests;
			productReference = 5377B64CD584E4E15FC457DA /* DesktopTodoTests.xctest */;
			productType = "com.apple.product-type.bundle.unit-test";
		};
		5A0E7B7E329C1030E3AF6EAC /* DesktopTodo */ = {
			isa = PBXNativeTarget;
			buildConfigurationList = F8E1844ECD729C2602CAF78B /* Build configuration list for PBXNativeTarget "DesktopTodo" */;
			buildPhases = (
				E8DCBC9029F2D818B2FB970D /* Sources */,
				0D3C4ABB4B30FF264C01A00F /* Resources */,
			);
			buildRules = (
			);
			dependencies = (
			);
			name = DesktopTodo;
			packageProductDependencies = (
			);
			productName = DesktopTodo;
			productReference = 9D211CB2FC9ABC4607083153 /* DesktopTodo.app */;
			productType = "com.apple.product-type.application";
		};
/* End PBXNativeTarget section */

/* Begin PBXProject section */
		620BC85F1FB1407375FD7E2C /* Project object */ = {
			isa = PBXProject;
			attributes = {
				BuildIndependentTargetsInParallel = YES;
				LastUpgradeCheck = 1430;
				TargetAttributes = {
					5A0E7B7E329C1030E3AF6EAC = {
						DevelopmentTeam = "";
						ProvisioningStyle = Automatic;
					};
				};
			};
			buildConfigurationList = 46B43F662B092C4A5431E8AE /* Build configuration list for PBXProject "DesktopTodo" */;
			developmentRegion = en;
			hasScannedForEncodings = 0;
			knownRegions = (
				Base,
				en,
			);
			mainGroup = E68EAB19D257B6263B32A85B;
			minimizedProjectReferenceProxies = 1;
			preferredProjectObjectVersion = 77;
			productRefGroup = D1CAA5D4CC51B9A95B589764 /* Products */;
			projectDirPath = "";
			projectRoot = "";
			targets = (
				5A0E7B7E329C1030E3AF6EAC /* DesktopTodo */,
				47F874942508B2FB62332AD1 /* DesktopTodoTests */,
			);
		};
/* End PBXProject section */

/* Begin PBXResourcesBuildPhase section */
		0D3C4ABB4B30FF264C01A00F /* Resources */ = {
			isa = PBXResourcesBuildPhase;
			buildActionMask = 2147483647;
			files = (
				3FF916C7B164F3512537DA2B /* Assets.xcassets in Resources */,
			);
			runOnlyForDeploymentPostprocessing = 0;
		};
/* End PBXResourcesBuildPhase section */

/* Begin PBXSourcesBuildPhase section */
		C631EB08216ED4588A93305F /* Sources */ = {
			isa = PBXSourcesBuildPhase;
			buildActionMask = 2147483647;
			files = (
				55F0F0806901FED2A281F49B /* TodoStoreTests.swift in Sources */,
			);
			runOnlyForDeploymentPostprocessing = 0;
		};
		E8DCBC9029F2D818B2FB970D /* Sources */ = {
			isa = PBXSourcesBuildPhase;
			buildActionMask = 2147483647;
			files = (
				7D33DE5D3EB9C9EBD916E7F7 /* ContentView.swift in Sources */,
				5ED4EBC1F3EA8CC5DAA84292 /* DesktopTodoApp.swift in Sources */,
				08D991D6788132FAEF998C44 /* DueDatePopoverView.swift in Sources */,
				EC0EB7078C26429A3F4CDFCD /* NotificationService.swift in Sources */,
				A191A9FB734D88BFE408B90A /* ReminderOffset.swift in Sources */,
				F53998A6E9B04D013DC2D663 /* SidebarView.swift in Sources */,
				9D47253E5E748BA0ABE8EEE8 /* TaskInputView.swift in Sources */,
				2453C3B56A9D2F8B08B3C6E5 /* TaskListView.swift in Sources */,
				9D417A486DC82366F6EB4127 /* TaskRowView.swift in Sources */,
				C8AB8DDCF3410533A6A5A3AC /* TodoItem.swift in Sources */,
				4E5CF148ADCB4584D5D368CB /* TodoList.swift in Sources */,
				065B9C5FFEBF5ED84414B6EE /* TodoStore.swift in Sources */,
				30A1B0D79B550951559C71FA /* WindowAccessor.swift in Sources */,
				528A7FDAF745350E7CA0824B /* WindowManager.swift in Sources */,
			);
			runOnlyForDeploymentPostprocessing = 0;
		};
/* End PBXSourcesBuildPhase section */

/* Begin PBXTargetDependency section */
		0C0FC508B2EB743D27355244 /* PBXTargetDependency */ = {
			isa = PBXTargetDependency;
			target = 5A0E7B7E329C1030E3AF6EAC /* DesktopTodo */;
			targetProxy = 13C748F06A8F8DA4DA748F5D /* PBXContainerItemProxy */;
		};
/* End PBXTargetDependency section */

/* Begin XCBuildConfiguration section */
		10EF1AC66593D05F649AA592 /* Release */ = {
			isa = XCBuildConfiguration;
			buildSettings = {
				BUNDLE_LOADER = "$(TEST_HOST)";
				COMBINE_HIDPI_IMAGES = YES;
				GENERATE_INFOPLIST_FILE = YES;
				LD_RUNPATH_SEARCH_PATHS = (
					"$(inherited)",
					"@executable_path/../Frameworks",
					"@loader_path/../Frameworks",
				);
				MACOSX_DEPLOYMENT_TARGET = 14.0;
				PRODUCT_BUNDLE_IDENTIFIER = com.bluetored.DesktopTodoTests;
				SDKROOT = macosx;
				SWIFT_STRICT_CONCURRENCY = complete;
				SWIFT_VERSION = 6.0;
				TEST_HOST = "$(BUILT_PRODUCTS_DIR)/DesktopTodo.app/Contents/MacOS/DesktopTodo";
			};
			name = Release;
		};
		15CF94702A69B1795C9BF21B /* Debug */ = {
			isa = XCBuildConfiguration;
			buildSettings = {
				ASSETCATALOG_COMPILER_APPICON_NAME = AppIcon;
				CODE_SIGN_STYLE = Automatic;
				COMBINE_HIDPI_IMAGES = YES;
				DEVELOPMENT_TEAM = "";
				ENABLE_HARDENED_RUNTIME = YES;
				INFOPLIST_FILE = DesktopTodo/Info.plist;
				LD_RUNPATH_SEARCH_PATHS = (
					"$(inherited)",
					"@executable_path/../Frameworks",
				);
				MACOSX_DEPLOYMENT_TARGET = 14.0;
				PRODUCT_BUNDLE_IDENTIFIER = com.bluetored.DesktopTodo;
				PRODUCT_NAME = DesktopTodo;
				SDKROOT = macosx;
				SWIFT_STRICT_CONCURRENCY = complete;
				SWIFT_VERSION = 6.0;
			};
			name = Debug;
		};
		16E481C3085B783D6EB00D52 /* Debug */ = {
			isa = XCBuildConfiguration;
			buildSettings = {
				BUNDLE_LOADER = "$(TEST_HOST)";
				COMBINE_HIDPI_IMAGES = YES;
				GENERATE_INFOPLIST_FILE = YES;
				LD_RUNPATH_SEARCH_PATHS = (
					"$(inherited)",
					"@executable_path/../Frameworks",
					"@loader_path/../Frameworks",
				);
				MACOSX_DEPLOYMENT_TARGET = 14.0;
				PRODUCT_BUNDLE_IDENTIFIER = com.bluetored.DesktopTodoTests;
				SDKROOT = macosx;
				SWIFT_STRICT_CONCURRENCY = complete;
				SWIFT_VERSION = 6.0;
				TEST_HOST = "$(BUILT_PRODUCTS_DIR)/DesktopTodo.app/Contents/MacOS/DesktopTodo";
			};
			name = Debug;
		};
		6F35342355D2594A14A8FE41 /* Debug */ = {
			isa = XCBuildConfiguration;
			buildSettings = {
				ALWAYS_SEARCH_USER_PATHS = NO;
				CLANG_ANALYZER_NONNULL = YES;
				CLANG_ANALYZER_NUMBER_OBJECT_CONVERSION = YES_AGGRESSIVE;
				CLANG_CXX_LANGUAGE_STANDARD = "gnu++14";
				CLANG_CXX_LIBRARY = "libc++";
				CLANG_ENABLE_MODULES = YES;
				CLANG_ENABLE_OBJC_ARC = YES;
				CLANG_ENABLE_OBJC_WEAK = YES;
				CLANG_WARN_BLOCK_CAPTURE_AUTORELEASING = YES;
				CLANG_WARN_BOOL_CONVERSION = YES;
				CLANG_WARN_COMMA = YES;
				CLANG_WARN_CONSTANT_CONVERSION = YES;
				CLANG_WARN_DEPRECATED_OBJC_IMPLEMENTATIONS = YES;
				CLANG_WARN_DIRECT_OBJC_ISA_USAGE = YES_ERROR;
				CLANG_WARN_DOCUMENTATION_COMMENTS = YES;
				CLANG_WARN_EMPTY_BODY = YES;
				CLANG_WARN_ENUM_CONVERSION = YES;
				CLANG_WARN_INFINITE_RECURSION = YES;
				CLANG_WARN_INT_CONVERSION = YES;
				CLANG_WARN_NON_LITERAL_NULL_CONVERSION = YES;
				CLANG_WARN_OBJC_IMPLICIT_RETAIN_SELF = YES;
				CLANG_WARN_OBJC_LITERAL_CONVERSION = YES;
				CLANG_WARN_OBJC_ROOT_CLASS = YES_ERROR;
				CLANG_WARN_QUOTED_INCLUDE_IN_FRAMEWORK_HEADER = YES;
				CLANG_WARN_RANGE_LOOP_ANALYSIS = YES;
				CLANG_WARN_STRICT_PROTOTYPES = YES;
				CLANG_WARN_SUSPICIOUS_MOVE = YES;
				CLANG_WARN_UNGUARDED_AVAILABILITY = YES_AGGRESSIVE;
				CLANG_WARN_UNREACHABLE_CODE = YES;
				CLANG_WARN__DUPLICATE_METHOD_MATCH = YES;
				COPY_PHASE_STRIP = NO;
				DEBUG_INFORMATION_FORMAT = dwarf;
				ENABLE_STRICT_OBJC_MSGSEND = YES;
				ENABLE_TESTABILITY = YES;
				GCC_C_LANGUAGE_STANDARD = gnu11;
				GCC_DYNAMIC_NO_PIC = NO;
				GCC_NO_COMMON_BLOCKS = YES;
				GCC_OPTIMIZATION_LEVEL = 0;
				GCC_PREPROCESSOR_DEFINITIONS = (
					"$(inherited)",
					"DEBUG=1",
				);
				GCC_WARN_64_TO_32_BIT_CONVERSION = YES;
				GCC_WARN_ABOUT_RETURN_TYPE = YES_ERROR;
				GCC_WARN_UNDECLARED_SELECTOR = YES;
				GCC_WARN_UNINITIALIZED_AUTOS = YES_AGGRESSIVE;
				GCC_WARN_UNUSED_FUNCTION = YES;
				GCC_WARN_UNUSED_VARIABLE = YES;
				MACOSX_DEPLOYMENT_TARGET = 14.0;
				MTL_ENABLE_DEBUG_INFO = INCLUDE_SOURCE;
				MTL_FAST_MATH = YES;
				ONLY_ACTIVE_ARCH = YES;
				PRODUCT_NAME = "$(TARGET_NAME)";
				SDKROOT = macosx;
				SWIFT_ACTIVE_COMPILATION_CONDITIONS = DEBUG;
				SWIFT_OPTIMIZATION_LEVEL = "-Onone";
				SWIFT_VERSION = 6.0;
			};
			name = Debug;
		};
		7D64C51756696E9A7623423A /* Release */ = {
			isa = XCBuildConfiguration;
			buildSettings = {
				ALWAYS_SEARCH_USER_PATHS = NO;
				CLANG_ANALYZER_NONNULL = YES;
				CLANG_ANALYZER_NUMBER_OBJECT_CONVERSION = YES_AGGRESSIVE;
				CLANG_CXX_LANGUAGE_STANDARD = "gnu++14";
				CLANG_CXX_LIBRARY = "libc++";
				CLANG_ENABLE_MODULES = YES;
				CLANG_ENABLE_OBJC_ARC = YES;
				CLANG_ENABLE_OBJC_WEAK = YES;
				CLANG_WARN_BLOCK_CAPTURE_AUTORELEASING = YES;
				CLANG_WARN_BOOL_CONVERSION = YES;
				CLANG_WARN_COMMA = YES;
				CLANG_WARN_CONSTANT_CONVERSION = YES;
				CLANG_WARN_DEPRECATED_OBJC_IMPLEMENTATIONS = YES;
				CLANG_WARN_DIRECT_OBJC_ISA_USAGE = YES_ERROR;
				CLANG_WARN_DOCUMENTATION_COMMENTS = YES;
				CLANG_WARN_EMPTY_BODY = YES;
				CLANG_WARN_ENUM_CONVERSION = YES;
				CLANG_WARN_INFINITE_RECURSION = YES;
				CLANG_WARN_INT_CONVERSION = YES;
				CLANG_WARN_NON_LITERAL_NULL_CONVERSION = YES;
				CLANG_WARN_OBJC_IMPLICIT_RETAIN_SELF = YES;
				CLANG_WARN_OBJC_LITERAL_CONVERSION = YES;
				CLANG_WARN_OBJC_ROOT_CLASS = YES_ERROR;
				CLANG_WARN_QUOTED_INCLUDE_IN_FRAMEWORK_HEADER = YES;
				CLANG_WARN_RANGE_LOOP_ANALYSIS = YES;
				CLANG_WARN_STRICT_PROTOTYPES = YES;
				CLANG_WARN_SUSPICIOUS_MOVE = YES;
				CLANG_WARN_UNGUARDED_AVAILABILITY = YES_AGGRESSIVE;
				CLANG_WARN_UNREACHABLE_CODE = YES;
				CLANG_WARN__DUPLICATE_METHOD_MATCH = YES;
				COPY_PHASE_STRIP = NO;
				DEBUG_INFORMATION_FORMAT = "dwarf-with-dsym";
				ENABLE_NS_ASSERTIONS = NO;
				ENABLE_STRICT_OBJC_MSGSEND = YES;
				GCC_C_LANGUAGE_STANDARD = gnu11;
				GCC_NO_COMMON_BLOCKS = YES;
				GCC_WARN_64_TO_32_BIT_CONVERSION = YES;
				GCC_WARN_ABOUT_RETURN_TYPE = YES_ERROR;
				GCC_WARN_UNDECLARED_SELECTOR = YES;
				GCC_WARN_UNINITIALIZED_AUTOS = YES_AGGRESSIVE;
				GCC_WARN_UNUSED_FUNCTION = YES;
				GCC_WARN_UNUSED_VARIABLE = YES;
				MACOSX_DEPLOYMENT_TARGET = 14.0;
				MTL_ENABLE_DEBUG_INFO = NO;
				MTL_FAST_MATH = YES;
				PRODUCT_NAME = "$(TARGET_NAME)";
				SDKROOT = macosx;
				SWIFT_COMPILATION_MODE = wholemodule;
				SWIFT_OPTIMIZATION_LEVEL = "-O";
				SWIFT_VERSION = 6.0;
			};
			name = Release;
		};
		81D99271AA055B142B501F99 /* Release */ = {
			isa = XCBuildConfiguration;
			buildSettings = {
				ASSETCATALOG_COMPILER_APPICON_NAME = AppIcon;
				CODE_SIGN_STYLE = Automatic;
				COMBINE_HIDPI_IMAGES = YES;
				DEVELOPMENT_TEAM = "";
				ENABLE_HARDENED_RUNTIME = YES;
				INFOPLIST_FILE = DesktopTodo/Info.plist;
				LD_RUNPATH_SEARCH_PATHS = (
					"$(inherited)",
					"@executable_path/../Frameworks",
				);
				MACOSX_DEPLOYMENT_TARGET = 14.0;
				PRODUCT_BUNDLE_IDENTIFIER = com.bluetored.DesktopTodo;
				PRODUCT_NAME = DesktopTodo;
				SDKROOT = macosx;
				SWIFT_STRICT_CONCURRENCY = complete;
				SWIFT_VERSION = 6.0;
			};
			name = Release;
		};
/* End XCBuildConfiguration section */

/* Begin XCConfigurationList section */
		46B43F662B092C4A5431E8AE /* Build configuration list for PBXProject "DesktopTodo" */ = {
			isa = XCConfigurationList;
			buildConfigurations = (
				6F35342355D2594A14A8FE41 /* Debug */,
				7D64C51756696E9A7623423A /* Release */,
			);
			defaultConfigurationIsVisible = 0;
			defaultConfigurationName = Debug;
		};
		AAABC0A8103CC0589AF186EF /* Build configuration list for PBXNativeTarget "DesktopTodoTests" */ = {
			isa = XCConfigurationList;
			buildConfigurations = (
				16E481C3085B783D6EB00D52 /* Debug */,
				10EF1AC66593D05F649AA592 /* Release */,
			);
			defaultConfigurationIsVisible = 0;
			defaultConfigurationName = Debug;
		};
		F8E1844ECD729C2602CAF78B /* Build configuration list for PBXNativeTarget "DesktopTodo" */ = {
			isa = XCConfigurationList;
			buildConfigurations = (
				15CF94702A69B1795C9BF21B /* Debug */,
				81D99271AA055B142B501F99 /* Release */,
			);
			defaultConfigurationIsVisible = 0;
			defaultConfigurationName = Debug;
		};
/* End XCConfigurationList section */
	};
	rootObject = 620BC85F1FB1407375FD7E2C /* Project object */;
}
