// !$*UTF8*$!
{
	archiveVersion = 1;
	classes = {
	};
	objectVersion = 77;
	objects = {

/* Begin PBXBuildFile section */
		065B9C5FFEBF5ED84414B6EE /* TodoStore.swift in Sources */ = {isa = PBXBuildFile; fileRef = 7726462FCBB93AC0A652B6F5 /* TodoStore.swift */; };
		2453C3B56A9D2F8B08B3C6E5 /* TaskListView.swift in Sources */ = {isa = PBXBuildFile; fileRef = 8C588F85D9B1390B3FE20459 /* TaskListView.swift */; };
		3FF916C7B164F3512537DA2B /* Assets.xcassets in Resources */ = {isa = PBXBuildFile; fileRef = 07D1D2801901BD63CFA74EBD /* Assets.xcassets */; };
		5ED4EBC1F3EA8CC5DAA84292 /* DesktopTodoApp.swift in Sources */ = {isa = PBXBuildFile; fileRef = EAFCB69808A20354F9CAB1DE /* DesktopTodoApp.swift */; };
		7D33DE5D3EB9C9EBD916E7F7 /* ContentView.swift in Sources */ = {isa = PBXBuildFile; fileRef = D3413C7CCEC1709C16E7352E /* ContentView.swift */; };
		C8AB8DDCF3410533A6A5A3AC /* TodoItem.swift in Sources */ = {isa = PBXBuildFile; fileRef = AFE57CDDF5ED55A3668FC62C /* TodoItem.swift */; };
		F53998A6E9B04D013DC2D663 /* SidebarView.swift in Sources */ = {isa = PBXBuildFile; fileRef = 542F631D7F4DF5778113D51A /* SidebarView.swift */; };
/* End PBXBuildFile section */

/* Begin PBXFileReference section */
		07D1D2801901BD63CFA74EBD /* Assets.xcassets */ = {isa = PBXFileReference; lastKnownFileType = folder.assetcatalog; path = Assets.xcassets; sourceTree = "<group>"; };
		45AA0358E15C871ED31465D6 /* Info.plist */ = {isa = PBXFileReference; lastKnownFileType = text.plist; path = Info.plist; sourceTree = "<group>"; };
		542F631D7F4DF5778113D51A /* SidebarView.swift */ = {isa = PBXFileReference; lastKnownFileType = sourcecode.swift; path = SidebarView.swift; sourceTree = "<group>"; };
		7726462FCBB93AC0A652B6F5 /* TodoStore.swift */ = {isa = PBXFileReference; lastKnownFileType = sourcecode.swift; path = TodoStore.swift; sourceTree = "<group>"; };
		8C588F85D9B1390B3FE20459 /* TaskListView.swift */ = {isa = PBXFileReference; lastKnownFileType = sourcecode.swift; path = TaskListView.swift; sourceTree = "<group>"; };
		9D211CB2FC9ABC4607083153 /* DesktopTodo.app */ = {isa = PBXFileReference; explicitFileType = wrapper.application; includeInIndex = 0; path = DesktopTodo.app; sourceTree = BUILT_PRODUCTS_DIR; };
		AFE57CDDF5ED55A3668FC62C /* TodoItem.swift */ = {isa = PBXFileReference; lastKnownFileType = sourcecode.swift; path = TodoItem.swift; sourceTree = "<group>"; };
		D3413C7CCEC1709C16E7352E /* ContentView.swift */ = {isa = PBXFileReference; lastKnownFileType = sourcecode.swift; path = ContentView.swift; sourceTree = "<group>"; };
		EAFCB69808A20354F9CAB1DE /* DesktopTodoApp.swift */ = {isa = PBXFileReference; lastKnownFileType = sourcecode.swift; path = DesktopTodoApp.swift; sourceTree = "<group>"; };
/* End PBXFileReference section */

/* Begin PBXGroup section */
		0D86E41A1F4AC8B290D6D765 /* App */ = {
			isa = PBXGroup;
			children = (
				EAFCB69808A20354F9CAB1DE /* DesktopTodoApp.swift */,
			);
			path = App;
			sourceTree = "<group>";
		};
		A38EFF96D1E750DD5AEED42B /* ViewModels */ = {
			isa = PBXGroup;
			children = (
				7726462FCBB93AC0A652B6F5 /* TodoStore.swift */,
			);
			path = ViewModels;
			sourceTree = "<group>";
		};
		CE05EA4EA6C8875E6335C73F /* Models */ = {
			isa = PBXGroup;
			children = (
				AFE57CDDF5ED55A3668FC62C /* TodoItem.swift */,
			);
			path = Models;
			sourceTree = "<group>";
		};
		D1CAA5D4CC51B9A95B589764 /* Products */ = {
			isa = PBXGroup;
			children = (
				9D211CB2FC9ABC4607083153 /* DesktopTodo.app */,
			);
			name = Products;
			sourceTree = "<group>";
		};
		D9DF1477F8EC46122F9F2D66 /* Views */ = {
			isa = PBXGroup;
			children = (
				D3413C7CCEC1709C16E7352E /* ContentView.swift */,
				542F631D7F4DF5778113D51A /* SidebarView.swift */,
				8C588F85D9B1390B3FE20459 /* TaskListView.swift */,
			);
			path = Views;
			sourceTree = "<group>";
		};
		E11F874C1C4C971A72CD17EA /* DesktopTodo */ = {
			isa = PBXGroup;
			children = (
				07D1D2801901BD63CFA74EBD /* Assets.xcassets */,
				45AA0358E15C871ED31465D6 /* Info.plist */,
				0D86E41A1F4AC8B290D6D765 /* App */,
				CE05EA4EA6C8875E6335C73F /* Models */,
				A38EFF96D1E750DD5AEED42B /* ViewModels */,
				D9DF1477F8EC46122F9F2D66 /* Views */,
			);
			path = DesktopTodo;
			sourceTree = "<group>";
		};
		E68EAB19D257B6263B32A85B = {
			isa = PBXGroup;
			children = (
				E11F874C1C4C971A72CD17EA /* DesktopTodo */,
				D1CAA5D4CC51B9A95B589764 /* Products */,
			);
			sourceTree = "<group>";
		};
/* End PBXGroup section */

/* Begin PBXNativeTarget section */
		5A0E7B7E329C1030E3AF6EAC /* DesktopTodo */ = {
			isa = PBXNativeTarget;
			buildConfigurationList = F8E1844ECD729C2602CAF78B /* Build configuration list for PBXNativeTarget "DesktopTodo" */;
			buildPhases = (
				E8DCBC9029F2D818B2FB970D /* Sources */,
				0D3C4ABB4B30FF264C01A00F /* Resources */,
			);
			buildRules = (
			);
			dependencies = (
			);
			name = DesktopTodo;
			packageProductDependencies = (
			);
			productName = DesktopTodo;
			productReference = 9D211CB2FC9ABC4607083153 /* DesktopTodo.app */;
			productType = "com.apple.product-type.application";
		};
/* End PBXNativeTarget section */

/* Begin PBXProject section */
		620BC85F1FB1407375FD7E2C /* Project object */ = {
			isa = PBXProject;
			attributes = {
				BuildIndependentTargetsInParallel = YES;
				LastUpgradeCheck = 1430;
				TargetAttributes = {
					5A0E7B7E329C1030E3AF6EAC = {
						DevelopmentTeam = "";
						ProvisioningStyle = Automatic;
					};
				};
			};
			buildConfigurationList = 46B43F662B092C4A5431E8AE /* Build configuration list for PBXProject "DesktopTodo" */;
			developmentRegion = en;
			hasScannedForEncodings = 0;
			knownRegions = (
				Base,
				en,
			);
			mainGroup = E68EAB19D257B6263B32A85B;
			minimizedProjectReferenceProxies = 1;
			preferredProjectObjectVersion = 77;
			productRefGroup = D1CAA5D4CC51B9A95B589764 /* Products */;
			projectDirPath = "";
			projectRoot = "";
			targets = (
				5A0E7B7E329C1030E3AF6EAC /* DesktopTodo */,
			);
		};
/* End PBXProject section */

/* Begin PBXResourcesBuildPhase section */
		0D3C4ABB4B30FF264C01A00F /* Resources */ = {
			isa = PBXResourcesBuildPhase;
			buildActionMask = 2147483647;
			files = (
				3FF916C7B164F3512537DA2B /* Assets.xcassets in Resources */,
			);
			runOnlyForDeploymentPostprocessing = 0;
		};
/* End PBXResourcesBuildPhase section */

/* Begin PBXSourcesBuildPhase section */
		E8DCBC9029F2D818B2FB970D /* Sources */ = {
			isa = PBXSourcesBuildPhase;
			buildActionMask = 2147483647;
			files = (
				7D33DE5D3EB9C9EBD916E7F7 /* ContentView.swift in Sources */,
				5ED4EBC1F3EA8CC5DAA84292 /* DesktopTodoApp.swift in Sources */,
				F53998A6E9B04D013DC2D663 /* SidebarView.swift in Sources */,
				2453C3B56A9D2F8B08B3C6E5 /* TaskListView.swift in Sources */,
				C8AB8DDCF3410533A6A5A3AC /* TodoItem.swift in Sources */,
				065B9C5FFEBF5ED84414B6EE /* TodoStore.swift in Sources */,
			);
			runOnlyForDeploymentPostprocessing = 0;
		};
/* End PBXSourcesBuildPhase section */

/* Begin XCBuildConfiguration section */
		15CF94702A69B1795C9BF21B /* Debug */ = {
			isa = XCBuildConfiguration;
			buildSettings = {
				ASSETCATALOG_COMPILER_APPICON_NAME = AppIcon;
				CODE_SIGN_STYLE = Automatic;
				COMBINE_HIDPI_IMAGES = YES;
				DEVELOPMENT_TEAM = "";
				ENABLE_HARDENED_RUNTIME = YES;
				INFOPLIST_FILE = DesktopTodo/Info.plist;
				LD_RUNPATH_SEARCH_PATHS = (
					"$(inherited)",
					"@executable_path/../Frameworks",
				);
				MACOSX_DEPLOYMENT_TARGET = 14.0;
				PRODUCT_BUNDLE_IDENTIFIER = com.bluetored.DesktopTodo;
				PRODUCT_NAME = DesktopTodo;
				SDKROOT = macosx;
				SWIFT_STRICT_CONCURRENCY = complete;
				SWIFT_VERSION = 6.0;
			};
			name = Debug;
		};
		6F35342355D2594A14A8FE41 /* Debug */ = {
			isa = XCBuildConfiguration;
			buildSettings = {
				ALWAYS_SEARCH_USER_PATHS = NO;
				CLANG_ANALYZER_NONNULL = YES;
				CLANG_ANALYZER_NUMBER_OBJECT_CONVERSION = YES_AGGRESSIVE;
				CLANG_CXX_LANGUAGE_STANDARD = "gnu++14";
				CLANG_CXX_LIBRARY = "libc++";
				CLANG_ENABLE_MODULES = YES;
				CLANG_ENABLE_OBJC_ARC = YES;
				CLANG_ENABLE_OBJC_WEAK = YES;
				CLANG_WARN_BLOCK_CAPTURE_AUTORELEASING = YES;
				CLANG_WARN_BOOL_CONVERSION = YES;
				CLANG_WARN_COMMA = YES;
				CLANG_WARN_CONSTANT_CONVERSION = YES;
				CLANG_WARN_DEPRECATED_OBJC_IMPLEMENTATIONS = YES;
				CLANG_WARN_DIRECT_OBJC_ISA_USAGE = YES_ERROR;
				CLANG_WARN_DOCUMENTATION_COMMENTS = YES;
				CLANG_WARN_EMPTY_BODY = YES;
				CLANG_WARN_ENUM_CONVERSION = YES;
				CLANG_WARN_INFINITE_RECURSION = YES;
				CLANG_WARN_INT_CONVERSION = YES;
				CLANG_WARN_NON_LITERAL_NULL_CONVERSION = YES;
				CLANG_WARN_OBJC_IMPLICIT_RETAIN_SELF = YES;
				CLANG_WARN_OBJC_LITERAL_CONVERSION = YES;
				CLANG_WARN_OBJC_ROOT_CLASS = YES_ERROR;
				CLANG_WARN_QUOTED_INCLUDE_IN_FRAMEWORK_HEADER = YES;
				CLANG_WARN_RANGE_LOOP_ANALYSIS = YES;
				CLANG_WARN_STRICT_PROTOTYPES = YES;
				CLANG_WARN_SUSPICIOUS_MOVE = YES;
				CLANG_WARN_UNGUARDED_AVAILABILITY = YES_AGGRESSIVE;
				CLANG_WARN_UNREACHABLE_CODE = YES;
				CLANG_WARN__DUPLICATE_METHOD_MATCH = YES;
				COPY_PHASE_STRIP = NO;
				DEBUG_INFORMATION_FORMAT = dwarf;
				ENABLE_STRICT_OBJC_MSGSEND = YES;
				ENABLE_TESTABILITY = YES;
				GCC_C_LANGUAGE_STANDARD = gnu11;
				GCC_DYNAMIC_NO_PIC = NO;
				GCC_NO_COMMON_BLOCKS = YES;
				GCC_OPTIMIZATION_LEVEL = 0;
				GCC_PREPROCESSOR_DEFINITIONS = (
					"$(inherited)",
					"DEBUG=1",
				);
				GCC_WARN_64_TO_32_BIT_CONVERSION = YES;
				GCC_WARN_ABOUT_RETURN_TYPE = YES_ERROR;
				GCC_WARN_UNDECLARED_SELECTOR = YES;
				GCC_WARN_UNINITIALIZED_AUTOS = YES_AGGRESSIVE;
				GCC_WARN_UNUSED_FUNCTION = YES;
				GCC_WARN_UNUSED_VARIABLE = YES;
				MACOSX_DEPLOYMENT_TARGET = 14.0;
				MTL_ENABLE_DEBUG_INFO = INCLUDE_SOURCE;
				MTL_FAST_MATH = YES;
				ONLY_ACTIVE_ARCH = YES;
				PRODUCT_NAME = "$(TARGET_NAME)";
				SDKROOT = macosx;
				SWIFT_ACTIVE_COMPILATION_CONDITIONS = DEBUG;
				SWIFT_OPTIMIZATION_LEVEL = "-Onone";
				SWIFT_VERSION = 6.0;
			};
			name = Debug;
		};
		7D64C51756696E9A7623423A /* Release */ = {
			isa = XCBuildConfiguration;
			buildSettings = {
				ALWAYS_SEARCH_USER_PATHS = NO;
				CLANG_ANALYZER_NONNULL = YES;
				CLANG_ANALYZER_NUMBER_OBJECT_CONVERSION = YES_AGGRESSIVE;
				CLANG_CXX_LANGUAGE_STANDARD = "gnu++14";
				CLANG_CXX_LIBRARY = "libc++";
				CLANG_ENABLE_MODULES = YES;
				CLANG_ENABLE_OBJC_ARC = YES;
				CLANG_ENABLE_OBJC_WEAK = YES;
				CLANG_WARN_BLOCK_CAPTURE_AUTORELEASING = YES;
				CLANG_WARN_BOOL_CONVERSION = YES;
				CLANG_WARN_COMMA = YES;
				CLANG_WARN_CONSTANT_CONVERSION = YES;
				CLANG_WARN_DEPRECATED_OBJC_IMPLEMENTATIONS = YES;
				CLANG_WARN_DIRECT_OBJC_ISA_USAGE = YES_ERROR;
				CLANG_WARN_DOCUMENTATION_COMMENTS = YES;
				CLANG_WARN_EMPTY_BODY = YES;
				CLANG_WARN_ENUM_CONVERSION = YES;
				CLANG_WARN_INFINITE_RECURSION = YES;
				CLANG_WARN_INT_CONVERSION = YES;
				CLANG_WARN_NON_LITERAL_NULL_CONVERSION = YES;
				CLANG_WARN_OBJC_IMPLICIT_RETAIN_SELF = YES;
				CLANG_WARN_OBJC_LITERAL_CONVERSION = YES;
				CLANG_WARN_OBJC_ROOT_CLASS = YES_ERROR;
				CLANG_WARN_QUOTED_INCLUDE_IN_FRAMEWORK_HEADER = YES;
				CLANG_WARN_RANGE_LOOP_ANALYSIS = YES;
				CLANG_WARN_STRICT_PROTOTYPES = YES;
				CLANG_WARN_SUSPICIOUS_MOVE = YES;
				CLANG_WARN_UNGUARDED_AVAILABILITY = YES_AGGRESSIVE;
				CLANG_WARN_UNREACHABLE_CODE = YES;
				CLANG_WARN__DUPLICATE_METHOD_MATCH = YES;
				COPY_PHASE_STRIP = NO;
				DEBUG_INFORMATION_FORMAT = "dwarf-with-dsym";
				ENABLE_NS_ASSERTIONS = NO;
				ENABLE_STRICT_OBJC_MSGSEND = YES;
				GCC_C_LANGUAGE_STANDARD = gnu11;
				GCC_NO_COMMON_BLOCKS = YES;
				GCC_WARN_64_TO_32_BIT_CONVERSION = YES;
				GCC_WARN_ABOUT_RETURN_TYPE = YES_ERROR;
				GCC_WARN_UNDECLARED_SELECTOR = YES;
				GCC_WARN_UNINITIALIZED_AUTOS = YES_AGGRESSIVE;
				GCC_WARN_UNUSED_FUNCTION = YES;
				GCC_WARN_UNUSED_VARIABLE = YES;
				MACOSX_DEPLOYMENT_TARGET = 14.0;
				MTL_ENABLE_DEBUG_INFO = NO;
				MTL_FAST_MATH = YES;
				PRODUCT_NAME = "$(TARGET_NAME)";
				SDKROOT = macosx;
				SWIFT_COMPILATION_MODE = wholemodule;
				SWIFT_OPTIMIZATION_LEVEL = "-O";
				SWIFT_VERSION = 6.0;
			};
			name = Release;
		};
		81D99271AA055B142B501F99 /* Release */ = {
			isa = XCBuildConfiguration;
			buildSettings = {
				ASSETCATALOG_COMPILER_APPICON_NAME = AppIcon;
				CODE_SIGN_STYLE = Automatic;
				COMBINE_HIDPI_IMAGES = YES;
				DEVELOPMENT_TEAM = "";
				ENABLE_HARDENED_RUNTIME = YES;
				INFOPLIST_FILE = DesktopTodo/Info.plist;
				LD_RUNPATH_SEARCH_PATHS = (
					"$(inherited)",
					"@executable_path/../Frameworks",
				);
				MACOSX_DEPLOYMENT_TARGET = 14.0;
				PRODUCT_BUNDLE_IDENTIFIER = com.bluetored.DesktopTodo;
				PRODUCT_NAME = DesktopTodo;
				SDKROOT = macosx;
				SWIFT_STRICT_CONCURRENCY = complete;
				SWIFT_VERSION = 6.0;
			};
			name = Release;
		};
/* End XCBuildConfiguration section */

/* Begin XCConfigurationList section */
		46B43F662B092C4A5431E8AE /* Build configuration list for PBXProject "DesktopTodo" */ = {
			isa = XCConfigurationList;
			buildConfigurations = (
				6F35342355D2594A14A8FE41 /* Debug */,
				7D64C51756696E9A7623423A /* Release */,
			);
			defaultConfigurationIsVisible = 0;
			defaultConfigurationName = Debug;
		};
		F8E1844ECD729C2602CAF78B /* Build configuration list for PBXNativeTarget "DesktopTodo" */ = {
			isa = XCConfigurationList;
			buildConfigurations = (
				15CF94702A69B1795C9BF21B /* Debug */,
				81D99271AA055B142B501F99 /* Release */,
			);
			defaultConfigurationIsVisible = 0;
			defaultConfigurationName = Debug;
		};
/* End XCConfigurationList section */
	};
	rootObject = 620BC85F1FB1407375FD7E2C /* Project object */;
}
